
Microsoft Visual Studio Solution File, Format Version 12.00
# Visual Studio Version 16
VisualStudioVersion = 16.0.29609.76
MinimumVisualStudioVersion = 10.0.40219.1
Project("{8BC9CEB8-8B4A-11D0-8D11-00A0C91BC942}") = "homework_4_3", "homework_4_3\homework_4_3.vcxproj", "{B261771F-B23F-4EBB-8696-6C048B1231A9}"
EndProject
Project("{9A19103F-16F7-4668-BE54-9A1E7A4F7556}") = "ConsoleApp1", "ConsoleApp1\ConsoleApp1.csproj", "{29137CFE-AC29-4877-9EC9-3B77682EA9B4}"
EndProject
Project("{9A19103F-16F7-4668-BE54-9A1E7A4F7556}") = "ConsoleApp2", "ConsoleApp2\ConsoleApp2.csproj", "{B5818133-7BB6-439D-990D-4001492F5D25}"
EndProject
Project("{9A19103F-16F7-4668-BE54-9A1E7A4F7556}") = "ConsoleApp3", "ConsoleApp3\ConsoleApp3.csproj", "{771AC0F1-4B0F-406D-A298-281988DB613C}"
EndProject
Project("{9A19103F-16F7-4668-BE54-9A1E7A4F7556}") = "ConsoleApp4", "ConsoleApp4\ConsoleApp4.csproj", "{7CF55CFD-9992-4EF4-A83B-7B87DBD87785}"
EndProject
Project("{9A19103F-16F7-4668-BE54-9A1E7A4F7556}") = "ConsoleApp5", "ConsoleApp5\ConsoleApp5.csproj", "{80216270-9B8F-4110-961C-663F4B6D49A4}"
EndProject
Project("{9A19103F-16F7-4668-BE54-9A1E7A4F7556}") = "ConsoleApp6", "ConsoleApp6\ConsoleApp6.csproj", "{F3B79FBD-4CA8-44A8-A101-0443F694B1A4}"
EndProject
Project("{9A19103F-16F7-4668-BE54-9A1E7A4F7556}") = "Test", "Test\Test.csproj", "{125894D1-B638-4520-ABF3-E9838C1BFAD0}"
EndProject
Project("{9A19103F-16F7-4668-BE54-9A1E7A4F7556}") = "ConsoleApp7", "ConsoleApp7\ConsoleApp7.csproj", "{F300DE64-6881-47AA-9A2A-13A460D94528}"
EndProject
Project("{FAE04EC0-301F-11D3-BF4B-00C04F79EFBC}") = "ConsoleApp8", "ConsoleApp8\ConsoleApp8.csproj", "{3EB68F1A-E805-48B1-8D23-A1842F3AC98C}"
EndProject
Global
	GlobalSection(SolutionConfigurationPlatforms) = preSolution
		Debug|Any CPU = Debug|Any CPU
		Debug|x64 = Debug|x64
		Debug|x86 = Debug|x86
		Release|Any CPU = Release|Any CPU
		Release|x64 = Release|x64
		Release|x86 = Release|x86
	EndGlobalSection
	GlobalSection(ProjectConfigurationPlatforms) = postSolution
		{B261771F-B23F-4EBB-8696-6C048B1231A9}.Debug|Any CPU.ActiveCfg = Debug|Win32
		{B261771F-B23F-4EBB-8696-6C048B1231A9}.Debug|x64.ActiveCfg = Debug|x64
		{B261771F-B23F-4EBB-8696-6C048B1231A9}.Debug|x64.Build.0 = Debug|x64
		{B261771F-B23F-4EBB-8696-6C048B1231A9}.Debug|x86.ActiveCfg = Debug|Win32
		{B261771F-B23F-4EBB-8696-6C048B1231A9}.Debug|x86.Build.0 = Debug|Win32
		{B261771F-B23F-4EBB-8696-6C048B1231A9}.Release|Any CPU.ActiveCfg = Release|Win32
		{B261771F-B23F-4EBB-8696-6C048B1231A9}.Release|x64.ActiveCfg = Release|x64
		{B261771F-B23F-4EBB-8696-6C048B1231A9}.Release|x64.Build.0 = Release|x64
		{B261771F-B23F-4EBB-8696-6C048B1231A9}.Release|x86.ActiveCfg = Release|Win32
		{B261771F-B23F-4EBB-8696-6C048B1231A9}.Release|x86.Build.0 = Release|Win32
		{29137CFE-AC29-4877-9EC9-3B77682EA9B4}.Debug|Any CPU.ActiveCfg = Debug|Any CPU
		{29137CFE-AC29-4877-9EC9-3B77682EA9B4}.Debug|Any CPU.Build.0 = Debug|Any CPU
		{29137CFE-AC29-4877-9EC9-3B77682EA9B4}.Debug|x64.ActiveCfg = Debug|Any CPU
		{29137CFE-AC29-4877-9EC9-3B77682EA9B4}.Debug|x64.Build.0 = Debug|Any CPU
		{29137CFE-AC29-4877-9EC9-3B77682EA9B4}.Debug|x86.ActiveCfg = Debug|Any CPU
		{29137CFE-AC29-4877-9EC9-3B77682EA9B4}.Debug|x86.Build.0 = Debug|Any CPU
		{29137CFE-AC29-4877-9EC9-3B77682EA9B4}.Release|Any CPU.ActiveCfg = Release|Any CPU
		{29137CFE-AC29-4877-9EC9-3B77682EA9B4}.Release|Any CPU.Build.0 = Release|Any CPU
		{29137CFE-AC29-4877-9EC9-3B77682EA9B4}.Release|x64.ActiveCfg = Release|Any CPU
		{29137CFE-AC29-4877-9EC9-3B77682EA9B4}.Release|x64.Build.0 = Release|Any CPU
		{29137CFE-AC29-4877-9EC9-3B77682EA9B4}.Release|x86.ActiveCfg = Release|Any CPU
		{29137CFE-AC29-4877-9EC9-3B77682EA9B4}.Release|x86.Build.0 = Release|Any CPU
		{B5818133-7BB6-439D-990D-4001492F5D25}.Debug|Any CPU.ActiveCfg = Debug|Any CPU
		{B5818133-7BB6-439D-990D-4001492F5D25}.Debug|Any CPU.Build.0 = Debug|Any CPU
		{B5818133-7BB6-439D-990D-4001492F5D25}.Debug|x64.ActiveCfg = Debug|Any CPU
		{B5818133-7BB6-439D-990D-4001492F5D25}.Debug|x64.Build.0 = Debug|Any CPU
		{B5818133-7BB6-439D-990D-4001492F5D25}.Debug|x86.ActiveCfg = Debug|Any CPU
		{B5818133-7BB6-439D-990D-4001492F5D25}.Debug|x86.Build.0 = Debug|Any CPU
		{B5818133-7BB6-439D-990D-4001492F5D25}.Release|Any CPU.ActiveCfg = Release|Any CPU
		{B5818133-7BB6-439D-990D-4001492F5D25}.Release|Any CPU.Build.0 = Release|Any CPU
		{B5818133-7BB6-439D-990D-4001492F5D25}.Release|x64.ActiveCfg = Release|Any CPU
		{B5818133-7BB6-439D-990D-4001492F5D25}.Release|x64.Build.0 = Release|Any CPU
		{B5818133-7BB6-439D-990D-4001492F5D25}.Release|x86.ActiveCfg = Release|Any CPU
		{B5818133-7BB6-439D-990D-4001492F5D25}.Release|x86.Build.0 = Release|Any CPU
		{771AC0F1-4B0F-406D-A298-281988DB613C}.Debug|Any CPU.ActiveCfg = Debug|Any CPU
		{771AC0F1-4B0F-406D-A298-281988DB613C}.Debug|Any CPU.Build.0 = Debug|Any CPU
		{771AC0F1-4B0F-406D-A298-281988DB613C}.Debug|x64.ActiveCfg = Debug|Any CPU
		{771AC0F1-4B0F-406D-A298-281988DB613C}.Debug|x64.Build.0 = Debug|Any CPU
		{771AC0F1-4B0F-406D-A298-281988DB613C}.Debug|x86.ActiveCfg = Debug|Any CPU
		{771AC0F1-4B0F-406D-A298-281988DB613C}.Debug|x86.Build.0 = Debug|Any CPU
		{771AC0F1-4B0F-406D-A298-281988DB613C}.Release|Any CPU.ActiveCfg = Release|Any CPU
		{771AC0F1-4B0F-406D-A298-281988DB613C}.Release|Any CPU.Build.0 = Release|Any CPU
		{771AC0F1-4B0F-406D-A298-281988DB613C}.Release|x64.ActiveCfg = Release|Any CPU
		{771AC0F1-4B0F-406D-A298-281988DB613C}.Release|x64.Build.0 = Release|Any CPU
		{771AC0F1-4B0F-406D-A298-281988DB613C}.Release|x86.ActiveCfg = Release|Any CPU
		{771AC0F1-4B0F-406D-A298-281988DB613C}.Release|x86.Build.0 = Release|Any CPU
		{7CF55CFD-9992-4EF4-A83B-7B87DBD87785}.Debug|Any CPU.ActiveCfg = Debug|Any CPU
		{7CF55CFD-9992-4EF4-A83B-7B87DBD87785}.Debug|Any CPU.Build.0 = Debug|Any CPU
		{7CF55CFD-9992-4EF4-A83B-7B87DBD87785}.Debug|x64.ActiveCfg = Debug|Any CPU
		{7CF55CFD-9992-4EF4-A83B-7B87DBD87785}.Debug|x64.Build.0 = Debug|Any CPU
		{7CF55CFD-9992-4EF4-A83B-7B87DBD87785}.Debug|x86.ActiveCfg = Debug|Any CPU
		{7CF55CFD-9992-4EF4-A83B-7B87DBD87785}.Debug|x86.Build.0 = Debug|Any CPU
		{7CF55CFD-9992-4EF4-A83B-7B87DBD87785}.Release|Any CPU.ActiveCfg = Release|Any CPU
		{7CF55CFD-9992-4EF4-A83B-7B87DBD87785}.Release|Any CPU.Build.0 = Release|Any CPU
		{7CF55CFD-9992-4EF4-A83B-7B87DBD87785}.Release|x64.ActiveCfg = Release|Any CPU
		{7CF55CFD-9992-4EF4-A83B-7B87DBD87785}.Release|x64.Build.0 = Release|Any CPU
		{7CF55CFD-9992-4EF4-A83B-7B87DBD87785}.Release|x86.ActiveCfg = Release|Any CPU
		{7CF55CFD-9992-4EF4-A83B-7B87DBD87785}.Release|x86.Build.0 = Release|Any CPU
		{80216270-9B8F-4110-961C-663F4B6D49A4}.Debug|Any CPU.ActiveCfg = Debug|Any CPU
		{80216270-9B8F-4110-961C-663F4B6D49A4}.Debug|Any CPU.Build.0 = Debug|Any CPU
		{80216270-9B8F-4110-961C-663F4B6D49A4}.Debug|x64.ActiveCfg = Debug|Any CPU
		{80216270-9B8F-4110-961C-663F4B6D49A4}.Debug|x64.Build.0 = Debug|Any CPU
		{80216270-9B8F-4110-961C-663F4B6D49A4}.Debug|x86.ActiveCfg = Debug|Any CPU
		{80216270-9B8F-4110-961C-663F4B6D49A4}.Debug|x86.Build.0 = Debug|Any CPU
		{80216270-9B8F-4110-961C-663F4B6D49A4}.Release|Any CPU.ActiveCfg = Release|Any CPU
		{80216270-9B8F-4110-961C-663F4B6D49A4}.Release|Any CPU.Build.0 = Release|Any CPU
		{80216270-9B8F-4110-961C-663F4B6D49A4}.Release|x64.ActiveCfg = Release|Any CPU
		{80216270-9B8F-4110-961C-663F4B6D49A4}.Release|x64.Build.0 = Release|Any CPU
		{80216270-9B8F-4110-961C-663F4B6D49A4}.Release|x86.ActiveCfg = Release|Any CPU
		{80216270-9B8F-4110-961C-663F4B6D49A4}.Release|x86.Build.0 = Release|Any CPU
		{F3B79FBD-4CA8-44A8-A101-0443F694B1A4}.Debug|Any CPU.ActiveCfg = Debug|Any CPU
		{F3B79FBD-4CA8-44A8-A101-0443F694B1A4}.Debug|Any CPU.Build.0 = Debug|Any CPU
		{F3B79FBD-4CA8-44A8-A101-0443F694B1A4}.Debug|x64.ActiveCfg = Debug|Any CPU
		{F3B79FBD-4CA8-44A8-A101-0443F694B1A4}.Debug|x64.Build.0 = Debug|Any CPU
		{F3B79FBD-4CA8-44A8-A101-0443F694B1A4}.Debug|x86.ActiveCfg = Debug|Any CPU
		{F3B79FBD-4CA8-44A8-A101-0443F694B1A4}.Debug|x86.Build.0 = Debug|Any CPU
		{F3B79FBD-4CA8-44A8-A101-0443F694B1A4}.Release|Any CPU.ActiveCfg = Release|Any CPU
		{F3B79FBD-4CA8-44A8-A101-0443F694B1A4}.Release|Any CPU.Build.0 = Release|Any CPU
		{F3B79FBD-4CA8-44A8-A101-0443F694B1A4}.Release|x64.ActiveCfg = Release|Any CPU
		{F3B79FBD-4CA8-44A8-A101-0443F694B1A4}.Release|x64.Build.0 = Release|Any CPU
		{F3B79FBD-4CA8-44A8-A101-0443F694B1A4}.Release|x86.ActiveCfg = Release|Any CPU
		{F3B79FBD-4CA8-44A8-A101-0443F694B1A4}.Release|x86.Build.0 = Release|Any CPU
		{125894D1-B638-4520-ABF3-E9838C1BFAD0}.Debug|Any CPU.ActiveCfg = Debug|Any CPU
		{125894D1-B638-4520-ABF3-E9838C1BFAD0}.Debug|Any CPU.Build.0 = Debug|Any CPU
		{125894D1-B638-4520-ABF3-E9838C1BFAD0}.Debug|x64.ActiveCfg = Debug|Any CPU
		{125894D1-B638-4520-ABF3-E9838C1BFAD0}.Debug|x64.Build.0 = Debug|Any CPU
		{125894D1-B638-4520-ABF3-E9838C1BFAD0}.Debug|x86.ActiveCfg = Debug|Any CPU
		{125894D1-B638-4520-ABF3-E9838C1BFAD0}.Debug|x86.Build.0 = Debug|Any CPU
		{125894D1-B638-4520-ABF3-E9838C1BFAD0}.Release|Any CPU.ActiveCfg = Release|Any CPU
		{125894D1-B638-4520-ABF3-E9838C1BFAD0}.Release|Any CPU.Build.0 = Release|Any CPU
		{125894D1-B638-4520-ABF3-E9838C1BFAD0}.Release|x64.ActiveCfg = Release|Any CPU
		{125894D1-B638-4520-ABF3-E9838C1BFAD0}.Release|x64.Build.0 = Release|Any CPU
		{125894D1-B638-4520-ABF3-E9838C1BFAD0}.Release|x86.ActiveCfg = Release|Any CPU
		{125894D1-B638-4520-ABF3-E9838C1BFAD0}.Release|x86.Build.0 = Release|Any CPU
		{F300DE64-6881-47AA-9A2A-13A460D94528}.Debug|Any CPU.ActiveCfg = Debug|Any CPU
		{F300DE64-6881-47AA-9A2A-13A460D94528}.Debug|Any CPU.Build.0 = Debug|Any CPU
		{F300DE64-6881-47AA-9A2A-13A460D94528}.Debug|x64.ActiveCfg = Debug|Any CPU
		{F300DE64-6881-47AA-9A2A-13A460D94528}.Debug|x64.Build.0 = Debug|Any CPU
		{F300DE64-6881-47AA-9A2A-13A460D94528}.Debug|x86.ActiveCfg = Debug|Any CPU
		{F300DE64-6881-47AA-9A2A-13A460D94528}.Debug|x86.Build.0 = Debug|Any CPU
		{F300DE64-6881-47AA-9A2A-13A460D94528}.Release|Any CPU.ActiveCfg = Release|Any CPU
		{F300DE64-6881-47AA-9A2A-13A460D94528}.Release|Any CPU.Build.0 = Release|Any CPU
		{F300DE64-6881-47AA-9A2A-13A460D94528}.Release|x64.ActiveCfg = Release|Any CPU
		{F300DE64-6881-47AA-9A2A-13A460D94528}.Release|x64.Build.0 = Release|Any CPU
		{F300DE64-6881-47AA-9A2A-13A460D94528}.Release|x86.ActiveCfg = Release|Any CPU
		{F300DE64-6881-47AA-9A2A-13A460D94528}.Release|x86.Build.0 = Release|Any CPU
		{3EB68F1A-E805-48B1-8D23-A1842F3AC98C}.Debug|Any CPU.ActiveCfg = Debug|Any CPU
		{3EB68F1A-E805-48B1-8D23-A1842F3AC98C}.Debug|Any CPU.Build.0 = Debug|Any CPU
		{3EB68F1A-E805-48B1-8D23-A1842F3AC98C}.Debug|x64.ActiveCfg = Debug|Any CPU
		{3EB68F1A-E805-48B1-8D23-A1842F3AC98C}.Debug|x64.Build.0 = Debug|Any CPU
		{3EB68F1A-E805-48B1-8D23-A1842F3AC98C}.Debug|x86.ActiveCfg = Debug|Any CPU
		{3EB68F1A-E805-48B1-8D23-A1842F3AC98C}.Debug|x86.Build.0 = Debug|Any CPU
		{3EB68F1A-E805-48B1-8D23-A1842F3AC98C}.Release|Any CPU.ActiveCfg = Release|Any CPU
		{3EB68F1A-E805-48B1-8D23-A1842F3AC98C}.Release|Any CPU.Build.0 = Release|Any CPU
		{3EB68F1A-E805-48B1-8D23-A1842F3AC98C}.Release|x64.ActiveCfg = Release|Any CPU
		{3EB68F1A-E805-48B1-8D23-A1842F3AC98C}.Release|x64.Build.0 = Release|Any CPU
		{3EB68F1A-E805-48B1-8D23-A1842F3AC98C}.Release|x86.ActiveCfg = Release|Any CPU
		{3EB68F1A-E805-48B1-8D23-A1842F3AC98C}.Release|x86.Build.0 = Release|Any CPU
	EndGlobalSection
	GlobalSection(SolutionProperties) = preSolution
		HideSolutionNode = FALSE
	EndGlobalSection
	GlobalSection(ExtensibilityGlobals) = postSolution
		SolutionGuid = {D0F48AAA-6996-426C-8D32-03DF451BF2DB}
	EndGlobalSection
EndGlobal
