
Microsoft Visual Studio Solution File, Format Version 12.00
# Visual Studio Version 16
VisualStudioVersion = 16.0.29609.76
MinimumVisualStudioVersion = 10.0.40219.1
Project("{9A19103F-16F7-4668-BE54-9A1E7A4F7556}") = "lesson", "lesson\lesson.csproj", "{77DFE942-ABE5-4F66-8CF0-4BF479336E3C}"
EndProject
Project("{9A19103F-16F7-4668-BE54-9A1E7A4F7556}") = "ConsoleApp1", "ConsoleApp1\ConsoleApp1.csproj", "{EA25D64C-671A-4239-961E-FF764F41E606}"
EndProject
Project("{9A19103F-16F7-4668-BE54-9A1E7A4F7556}") = "ConsoleApp2", "ConsoleApp2\ConsoleApp2.csproj", "{02EFC88F-B51A-43CE-A656-3590A4248EAA}"
EndProject
Project("{9A19103F-16F7-4668-BE54-9A1E7A4F7556}") = "ConsoleApp3", "ConsoleApp3\ConsoleApp3.csproj", "{020DB2C5-D132-4AEE-AADB-17B62D560FD4}"
EndProject
Project("{9A19103F-16F7-4668-BE54-9A1E7A4F7556}") = "ConsoleApp4", "ConsoleApp4\ConsoleApp4.csproj", "{41E2FFAC-12BE-4647-AB76-3E0587260950}"
EndProject
Project("{9A19103F-16F7-4668-BE54-9A1E7A4F7556}") = "ConsoleApp5", "ConsoleApp5\ConsoleApp5.csproj", "{30295900-6D8B-488E-A2D0-08FB78406B6B}"
EndProject
Project("{9A19103F-16F7-4668-BE54-9A1E7A4F7556}") = "ConsoleApp6", "ConsoleApp6\ConsoleApp6.csproj", "{6EF993B5-9BAA-460A-981A-378EAC331339}"
EndProject
Project("{9A19103F-16F7-4668-BE54-9A1E7A4F7556}") = "ConsoleApp7", "ConsoleApp7\ConsoleApp7.csproj", "{B0C5CC55-7FB4-413E-AE70-B4B493F819C3}"
EndProject
Project("{9A19103F-16F7-4668-BE54-9A1E7A4F7556}") = "ConsoleApp8", "ConsoleApp8\ConsoleApp8.csproj", "{BACC90E3-523D-4D2A-ADBB-C7E3C756640B}"
EndProject
Project("{9A19103F-16F7-4668-BE54-9A1E7A4F7556}") = "ConsoleApp9", "ConsoleApp9\ConsoleApp9.csproj", "{0F6B61E6-B82C-421A-A531-AB4D11979C62}"
EndProject
Project("{9A19103F-16F7-4668-BE54-9A1E7A4F7556}") = "ConsoleApp10", "ConsoleApp10\ConsoleApp10.csproj", "{19C35965-E679-4767-9B78-C366289BFC3A}"
EndProject
Project("{9A19103F-16F7-4668-BE54-9A1E7A4F7556}") = "ConsoleApp11", "ConsoleApp11\ConsoleApp11.csproj", "{A7EC150B-9C5E-4405-BEAF-4AC915D1A3B5}"
EndProject
Project("{9A19103F-16F7-4668-BE54-9A1E7A4F7556}") = "ConsoleApp12", "ConsoleApp12\ConsoleApp12.csproj", "{E6ED91D1-14AF-4E8D-A191-692DE6F7DE88}"
EndProject
Project("{9A19103F-16F7-4668-BE54-9A1E7A4F7556}") = "ConsoleApp13", "ConsoleApp13\ConsoleApp13.csproj", "{A2022DC6-9251-4ACB-8040-8A173F6C513D}"
EndProject
Project("{9A19103F-16F7-4668-BE54-9A1E7A4F7556}") = "ConsoleApp14", "ConsoleApp14\ConsoleApp14.csproj", "{88A257DB-7B3C-4391-9E68-3D02B9F455C9}"
EndProject
Project("{9A19103F-16F7-4668-BE54-9A1E7A4F7556}") = "ConsoleApp15", "ConsoleApp15\ConsoleApp15.csproj", "{8ACABF60-2866-4313-9A40-F0E8C522506C}"
EndProject
Project("{9A19103F-16F7-4668-BE54-9A1E7A4F7556}") = "ConsoleApp16", "ConsoleApp16\ConsoleApp16.csproj", "{2819456A-FEB4-4A2E-831C-BA46ECD6CE2A}"
EndProject
Project("{9A19103F-16F7-4668-BE54-9A1E7A4F7556}") = "ConsoleApp17", "ConsoleApp17\ConsoleApp17.csproj", "{043A6F78-FCA7-4C65-969A-5F98C2646685}"
EndProject
Project("{9A19103F-16F7-4668-BE54-9A1E7A4F7556}") = "ConsoleApp18", "ConsoleApp18\ConsoleApp18.csproj", "{0C5F759D-FC98-4BE4-8984-198C6F07297D}"
EndProject
Project("{9A19103F-16F7-4668-BE54-9A1E7A4F7556}") = "ConsoleApp19", "ConsoleApp19\ConsoleApp19.csproj", "{E65FA801-79CA-48A5-B46C-1122CF298F40}"
EndProject
Project("{9A19103F-16F7-4668-BE54-9A1E7A4F7556}") = "ConsoleApp20", "ConsoleApp20\ConsoleApp20.csproj", "{0198186B-95D9-45B5-9368-5CD005F0E673}"
EndProject
Project("{FAE04EC0-301F-11D3-BF4B-00C04F79EFBC}") = "Zhengchu", "NIxushu\Zhengchu.csproj", "{461433EB-31C3-4402-AB89-2D44D8B6255F}"
EndProject
Global
	GlobalSection(SolutionConfigurationPlatforms) = preSolution
		Debug|Any CPU = Debug|Any CPU
		Release|Any CPU = Release|Any CPU
	EndGlobalSection
	GlobalSection(ProjectConfigurationPlatforms) = postSolution
		{77DFE942-ABE5-4F66-8CF0-4BF479336E3C}.Debug|Any CPU.ActiveCfg = Debug|Any CPU
		{77DFE942-ABE5-4F66-8CF0-4BF479336E3C}.Debug|Any CPU.Build.0 = Debug|Any CPU
		{77DFE942-ABE5-4F66-8CF0-4BF479336E3C}.Release|Any CPU.ActiveCfg = Release|Any CPU
		{77DFE942-ABE5-4F66-8CF0-4BF479336E3C}.Release|Any CPU.Build.0 = Release|Any CPU
		{EA25D64C-671A-4239-961E-FF764F41E606}.Debug|Any CPU.ActiveCfg = Debug|Any CPU
		{EA25D64C-671A-4239-961E-FF764F41E606}.Debug|Any CPU.Build.0 = Debug|Any CPU
		{EA25D64C-671A-4239-961E-FF764F41E606}.Release|Any CPU.ActiveCfg = Release|Any CPU
		{EA25D64C-671A-4239-961E-FF764F41E606}.Release|Any CPU.Build.0 = Release|Any CPU
		{02EFC88F-B51A-43CE-A656-3590A4248EAA}.Debug|Any CPU.ActiveCfg = Debug|Any CPU
		{02EFC88F-B51A-43CE-A656-3590A4248EAA}.Debug|Any CPU.Build.0 = Debug|Any CPU
		{02EFC88F-B51A-43CE-A656-3590A4248EAA}.Release|Any CPU.ActiveCfg = Release|Any CPU
		{02EFC88F-B51A-43CE-A656-3590A4248EAA}.Release|Any CPU.Build.0 = Release|Any CPU
		{020DB2C5-D132-4AEE-AADB-17B62D560FD4}.Debug|Any CPU.ActiveCfg = Debug|Any CPU
		{020DB2C5-D132-4AEE-AADB-17B62D560FD4}.Debug|Any CPU.Build.0 = Debug|Any CPU
		{020DB2C5-D132-4AEE-AADB-17B62D560FD4}.Release|Any CPU.ActiveCfg = Release|Any CPU
		{020DB2C5-D132-4AEE-AADB-17B62D560FD4}.Release|Any CPU.Build.0 = Release|Any CPU
		{41E2FFAC-12BE-4647-AB76-3E0587260950}.Debug|Any CPU.ActiveCfg = Debug|Any CPU
		{41E2FFAC-12BE-4647-AB76-3E0587260950}.Debug|Any CPU.Build.0 = Debug|Any CPU
		{41E2FFAC-12BE-4647-AB76-3E0587260950}.Release|Any CPU.ActiveCfg = Release|Any CPU
		{41E2FFAC-12BE-4647-AB76-3E0587260950}.Release|Any CPU.Build.0 = Release|Any CPU
		{30295900-6D8B-488E-A2D0-08FB78406B6B}.Debug|Any CPU.ActiveCfg = Debug|Any CPU
		{30295900-6D8B-488E-A2D0-08FB78406B6B}.Debug|Any CPU.Build.0 = Debug|Any CPU
		{30295900-6D8B-488E-A2D0-08FB78406B6B}.Release|Any CPU.ActiveCfg = Release|Any CPU
		{30295900-6D8B-488E-A2D0-08FB78406B6B}.Release|Any CPU.Build.0 = Release|Any CPU
		{6EF993B5-9BAA-460A-981A-378EAC331339}.Debug|Any CPU.ActiveCfg = Debug|Any CPU
		{6EF993B5-9BAA-460A-981A-378EAC331339}.Debug|Any CPU.Build.0 = Debug|Any CPU
		{6EF993B5-9BAA-460A-981A-378EAC331339}.Release|Any CPU.ActiveCfg = Release|Any CPU
		{6EF993B5-9BAA-460A-981A-378EAC331339}.Release|Any CPU.Build.0 = Release|Any CPU
		{B0C5CC55-7FB4-413E-AE70-B4B493F819C3}.Debug|Any CPU.ActiveCfg = Debug|Any CPU
		{B0C5CC55-7FB4-413E-AE70-B4B493F819C3}.Debug|Any CPU.Build.0 = Debug|Any CPU
		{B0C5CC55-7FB4-413E-AE70-B4B493F819C3}.Release|Any CPU.ActiveCfg = Release|Any CPU
		{B0C5CC55-7FB4-413E-AE70-B4B493F819C3}.Release|Any CPU.Build.0 = Release|Any CPU
		{BACC90E3-523D-4D2A-ADBB-C7E3C756640B}.Debug|Any CPU.ActiveCfg = Debug|Any CPU
		{BACC90E3-523D-4D2A-ADBB-C7E3C756640B}.Debug|Any CPU.Build.0 = Debug|Any CPU
		{BACC90E3-523D-4D2A-ADBB-C7E3C756640B}.Release|Any CPU.ActiveCfg = Release|Any CPU
		{BACC90E3-523D-4D2A-ADBB-C7E3C756640B}.Release|Any CPU.Build.0 = Release|Any CPU
		{0F6B61E6-B82C-421A-A531-AB4D11979C62}.Debug|Any CPU.ActiveCfg = Debug|Any CPU
		{0F6B61E6-B82C-421A-A531-AB4D11979C62}.Debug|Any CPU.Build.0 = Debug|Any CPU
		{0F6B61E6-B82C-421A-A531-AB4D11979C62}.Release|Any CPU.ActiveCfg = Release|Any CPU
		{0F6B61E6-B82C-421A-A531-AB4D11979C62}.Release|Any CPU.Build.0 = Release|Any CPU
		{19C35965-E679-4767-9B78-C366289BFC3A}.Debug|Any CPU.ActiveCfg = Debug|Any CPU
		{19C35965-E679-4767-9B78-C366289BFC3A}.Debug|Any CPU.Build.0 = Debug|Any CPU
		{19C35965-E679-4767-9B78-C366289BFC3A}.Release|Any CPU.ActiveCfg = Release|Any CPU
		{19C35965-E679-4767-9B78-C366289BFC3A}.Release|Any CPU.Build.0 = Release|Any CPU
		{A7EC150B-9C5E-4405-BEAF-4AC915D1A3B5}.Debug|Any CPU.ActiveCfg = Debug|Any CPU
		{A7EC150B-9C5E-4405-BEAF-4AC915D1A3B5}.Debug|Any CPU.Build.0 = Debug|Any CPU
		{A7EC150B-9C5E-4405-BEAF-4AC915D1A3B5}.Release|Any CPU.ActiveCfg = Release|Any CPU
		{A7EC150B-9C5E-4405-BEAF-4AC915D1A3B5}.Release|Any CPU.Build.0 = Release|Any CPU
		{E6ED91D1-14AF-4E8D-A191-692DE6F7DE88}.Debug|Any CPU.ActiveCfg = Debug|Any CPU
		{E6ED91D1-14AF-4E8D-A191-692DE6F7DE88}.Debug|Any CPU.Build.0 = Debug|Any CPU
		{E6ED91D1-14AF-4E8D-A191-692DE6F7DE88}.Release|Any CPU.ActiveCfg = Release|Any CPU
		{E6ED91D1-14AF-4E8D-A191-692DE6F7DE88}.Release|Any CPU.Build.0 = Release|Any CPU
		{A2022DC6-9251-4ACB-8040-8A173F6C513D}.Debug|Any CPU.ActiveCfg = Debug|Any CPU
		{A2022DC6-9251-4ACB-8040-8A173F6C513D}.Debug|Any CPU.Build.0 = Debug|Any CPU
		{A2022DC6-9251-4ACB-8040-8A173F6C513D}.Release|Any CPU.ActiveCfg = Release|Any CPU
		{A2022DC6-9251-4ACB-8040-8A173F6C513D}.Release|Any CPU.Build.0 = Release|Any CPU
		{88A257DB-7B3C-4391-9E68-3D02B9F455C9}.Debug|Any CPU.ActiveCfg = Debug|Any CPU
		{88A257DB-7B3C-4391-9E68-3D02B9F455C9}.Debug|Any CPU.Build.0 = Debug|Any CPU
		{88A257DB-7B3C-4391-9E68-3D02B9F455C9}.Release|Any CPU.ActiveCfg = Release|Any CPU
		{88A257DB-7B3C-4391-9E68-3D02B9F455C9}.Release|Any CPU.Build.0 = Release|Any CPU
		{8ACABF60-2866-4313-9A40-F0E8C522506C}.Debug|Any CPU.ActiveCfg = Debug|Any CPU
		{8ACABF60-2866-4313-9A40-F0E8C522506C}.Debug|Any CPU.Build.0 = Debug|Any CPU
		{8ACABF60-2866-4313-9A40-F0E8C522506C}.Release|Any CPU.ActiveCfg = Release|Any CPU
		{8ACABF60-2866-4313-9A40-F0E8C522506C}.Release|Any CPU.Build.0 = Release|Any CPU
		{2819456A-FEB4-4A2E-831C-BA46ECD6CE2A}.Debug|Any CPU.ActiveCfg = Debug|Any CPU
		{2819456A-FEB4-4A2E-831C-BA46ECD6CE2A}.Debug|Any CPU.Build.0 = Debug|Any CPU
		{2819456A-FEB4-4A2E-831C-BA46ECD6CE2A}.Release|Any CPU.ActiveCfg = Release|Any CPU
		{2819456A-FEB4-4A2E-831C-BA46ECD6CE2A}.Release|Any CPU.Build.0 = Release|Any CPU
		{043A6F78-FCA7-4C65-969A-5F98C2646685}.Debug|Any CPU.ActiveCfg = Debug|Any CPU
		{043A6F78-FCA7-4C65-969A-5F98C2646685}.Debug|Any CPU.Build.0 = Debug|Any CPU
		{043A6F78-FCA7-4C65-969A-5F98C2646685}.Release|Any CPU.ActiveCfg = Release|Any CPU
		{043A6F78-FCA7-4C65-969A-5F98C2646685}.Release|Any CPU.Build.0 = Release|Any CPU
		{0C5F759D-FC98-4BE4-8984-198C6F07297D}.Debug|Any CPU.ActiveCfg = Debug|Any CPU
		{0C5F759D-FC98-4BE4-8984-198C6F07297D}.Debug|Any CPU.Build.0 = Debug|Any CPU
		{0C5F759D-FC98-4BE4-8984-198C6F07297D}.Release|Any CPU.ActiveCfg = Release|Any CPU
		{0C5F759D-FC98-4BE4-8984-198C6F07297D}.Release|Any CPU.Build.0 = Release|Any CPU
		{E65FA801-79CA-48A5-B46C-1122CF298F40}.Debug|Any CPU.ActiveCfg = Debug|Any CPU
		{E65FA801-79CA-48A5-B46C-1122CF298F40}.Debug|Any CPU.Build.0 = Debug|Any CPU
		{E65FA801-79CA-48A5-B46C-1122CF298F40}.Release|Any CPU.ActiveCfg = Release|Any CPU
		{E65FA801-79CA-48A5-B46C-1122CF298F40}.Release|Any CPU.Build.0 = Release|Any CPU
		{0198186B-95D9-45B5-9368-5CD005F0E673}.Debug|Any CPU.ActiveCfg = Debug|Any CPU
		{0198186B-95D9-45B5-9368-5CD005F0E673}.Debug|Any CPU.Build.0 = Debug|Any CPU
		{0198186B-95D9-45B5-9368-5CD005F0E673}.Release|Any CPU.ActiveCfg = Release|Any CPU
		{0198186B-95D9-45B5-9368-5CD005F0E673}.Release|Any CPU.Build.0 = Release|Any CPU
		{461433EB-31C3-4402-AB89-2D44D8B6255F}.Debug|Any CPU.ActiveCfg = Debug|Any CPU
		{461433EB-31C3-4402-AB89-2D44D8B6255F}.Debug|Any CPU.Build.0 = Debug|Any CPU
		{461433EB-31C3-4402-AB89-2D44D8B6255F}.Release|Any CPU.ActiveCfg = Release|Any CPU
		{461433EB-31C3-4402-AB89-2D44D8B6255F}.Release|Any CPU.Build.0 = Release|Any CPU
	EndGlobalSection
	GlobalSection(SolutionProperties) = preSolution
		HideSolutionNode = FALSE
	EndGlobalSection
	GlobalSection(ExtensibilityGlobals) = postSolution
		SolutionGuid = {712B74C5-5BD2-4742-AE66-A1F94EA32215}
	EndGlobalSection
EndGlobal
